
Microsoft Visual Studio Solution File, Format Version 12.00
# Visual Studio Version 16
VisualStudioVersion = 16.0.29519.181
MinimumVisualStudioVersion = 10.0.40219.1
Project("{888888A0-9F3D-457C-B088-3A5042F75D52}") = "profiling-authentication", "profiling-authentication.pyproj", "{2D4B0D6D-7268-4C42-AF98-F04311599866}"
EndProject
Project("{888888A0-9F3D-457C-B088-3A5042F75D52}") = "profiler", "..\profiler\profiler.pyproj", "{9A326D0A-DC5E-4BEE-9500-57348EB38685}"
EndProject
Global
	GlobalSection(SolutionConfigurationPlatforms) = preSolution
		Debug|Any CPU = Debug|Any CPU
		Release|Any CPU = Release|Any CPU
	EndGlobalSection
	GlobalSection(ProjectConfigurationPlatforms) = postSolution
		{2D4B0D6D-7268-4C42-AF98-F04311599866}.Debug|Any CPU.ActiveCfg = Debug|Any CPU
		{2D4B0D6D-7268-4C42-AF98-F04311599866}.Debug|Any CPU.Build.0 = Debug|Any CPU
		{2D4B0D6D-7268-4C42-AF98-F04311599866}.Release|Any CPU.ActiveCfg = Release|Any CPU
		{2D4B0D6D-7268-4C42-AF98-F04311599866}.Release|Any CPU.Build.0 = Release|Any CPU
		{9A326D0A-DC5E-4BEE-9500-57348EB38685}.Debug|Any CPU.ActiveCfg = Debug|Any CPU
		{9A326D0A-DC5E-4BEE-9500-57348EB38685}.Release|Any CPU.ActiveCfg = Release|Any CPU
	EndGlobalSection
	GlobalSection(SolutionProperties) = preSolution
		HideSolutionNode = FALSE
	EndGlobalSection
	GlobalSection(ExtensibilityGlobals) = postSolution
		SolutionGuid = {C05321AE-6C5E-4DC3-97A6-D22A4D3795AB}
	EndGlobalSection
EndGlobal
